// !$*UTF8*$!
{
	archiveVersion = 1;
	classes = {
	};
	objectVersion = 46;
	objects = {

/* Begin PBXBuildFile section */
		BE079F3E1E8D66C700006005 /* AppDelegate.swift in Sources */ = {isa = PBXBuildFile; fileRef = BE079F3D1E8D66C700006005 /* AppDelegate.swift */; };
		BE079F401E8D66C700006005 /* ViewController.swift in Sources */ = {isa = PBXBuildFile; fileRef = BE079F3F1E8D66C700006005 /* ViewController.swift */; };
		BE079F431E8D66C700006005 /* Main.storyboard in Resources */ = {isa = PBXBuildFile; fileRef = BE079F411E8D66C700006005 /* Main.storyboard */; };
		BE079F451E8D66C700006005 /* Assets.xcassets in Resources */ = {isa = PBXBuildFile; fileRef = BE079F441E8D66C700006005 /* Assets.xcassets */; };
		BE079F481E8D66C700006005 /* LaunchScreen.storyboard in Resources */ = {isa = PBXBuildFile; fileRef = BE079F461E8D66C700006005 /* LaunchScreen.storyboard */; };
		BE079F531E8D670100006005 /* Artist.swift in Sources */ = {isa = PBXBuildFile; fileRef = BE079F521E8D670100006005 /* Artist.swift */; };
		BE079F551E8D67B700006005 /* Genre.swift in Sources */ = {isa = PBXBuildFile; fileRef = BE079F541E8D67B700006005 /* Genre.swift */; };
		BE079F571E8D682B00006005 /* Album.swift in Sources */ = {isa = PBXBuildFile; fileRef = BE079F561E8D682B00006005 /* Album.swift */; };
		BE079F591E8DA2C100006005 /* Song.swift in Sources */ = {isa = PBXBuildFile; fileRef = BE079F581E8DA2C100006005 /* Song.swift */; };
		BE079F5B1E8DA4CF00006005 /* Stub.swift in Sources */ = {isa = PBXBuildFile; fileRef = BE079F5A1E8DA4CF00006005 /* Stub.swift */; };
		C709C83E226128D900F5DDFC /* ArtworkDownloader.swift in Sources */ = {isa = PBXBuildFile; fileRef = C709C83D226128D900F5DDFC /* ArtworkDownloader.swift */; };
		C709C840226131A100F5DDFC /* PendingOperations.swift in Sources */ = {isa = PBXBuildFile; fileRef = C709C83F226131A100F5DDFC /* PendingOperations.swift */; };
		C7953F972256A6B100DB5F21 /* SearchResultsController.swift in Sources */ = {isa = PBXBuildFile; fileRef = C7953F962256A6B100DB5F21 /* SearchResultsController.swift */; };
		C7953F9C2257ECBD00DB5F21 /* SearchResultsDataSource.swift in Sources */ = {isa = PBXBuildFile; fileRef = C7953F9B2257ECBD00DB5F21 /* SearchResultsDataSource.swift */; };
		C7953F9E2257FD9F00DB5F21 /* AlbumListViewController.swift in Sources */ = {isa = PBXBuildFile; fileRef = C7953F9D2257FD9F00DB5F21 /* AlbumListViewController.swift */; };
		C7953FC6225BE79B00DB5F21 /* AlbumCell.swift in Sources */ = {isa = PBXBuildFile; fileRef = C7953FC5225BE79B00DB5F21 /* AlbumCell.swift */; };
		C7953FC8225BE8E900DB5F21 /* AlbumListDataSource.swift in Sources */ = {isa = PBXBuildFile; fileRef = C7953FC7225BE8E900DB5F21 /* AlbumListDataSource.swift */; };
		C7953FCB225BEA7F00DB5F21 /* AlbumCellViewModel.swift in Sources */ = {isa = PBXBuildFile; fileRef = C7953FCA225BEA7F00DB5F21 /* AlbumCellViewModel.swift */; };
		C7953FCD225D1CB000DB5F21 /* AlbumDetailController.swift in Sources */ = {isa = PBXBuildFile; fileRef = C7953FCC225D1CB000DB5F21 /* AlbumDetailController.swift */; };
		C7953FCF225D1EAE00DB5F21 /* AlbumDetailViewModel.swift in Sources */ = {isa = PBXBuildFile; fileRef = C7953FCE225D1EAE00DB5F21 /* AlbumDetailViewModel.swift */; };
		C7953FD1225D264000DB5F21 /* SongCell.swift in Sources */ = {isa = PBXBuildFile; fileRef = C7953FD0225D264000DB5F21 /* SongCell.swift */; };
		C7953FD3225D266400DB5F21 /* AlbumDetailDataSource.swift in Sources */ = {isa = PBXBuildFile; fileRef = C7953FD2225D266400DB5F21 /* AlbumDetailDataSource.swift */; };
		C7953FD5225D282800DB5F21 /* SongViewModel.swift in Sources */ = {isa = PBXBuildFile; fileRef = C7953FD4225D282800DB5F21 /* SongViewModel.swift */; };
		C7953FD8225D339300DB5F21 /* ItunesMedia.swift in Sources */ = {isa = PBXBuildFile; fileRef = C7953FD7225D339300DB5F21 /* ItunesMedia.swift */; };
		C7953FDA225D33DB00DB5F21 /* Endpoint.swift in Sources */ = {isa = PBXBuildFile; fileRef = C7953FD9225D33DB00DB5F21 /* Endpoint.swift */; };
		C7953FDD225E7EB800DB5F21 /* ITunesEntity.swift in Sources */ = {isa = PBXBuildFile; fileRef = C7953FDC225E7EB800DB5F21 /* ITunesEntity.swift */; };
		C7953FDF225E866200DB5F21 /* QueryItemProvider.swift in Sources */ = {isa = PBXBuildFile; fileRef = C7953FDE225E866200DB5F21 /* QueryItemProvider.swift */; };
		C7953FE1225E8D8C00DB5F21 /* ItunesAttribute.swift in Sources */ = {isa = PBXBuildFile; fileRef = C7953FE0225E8D8C00DB5F21 /* ItunesAttribute.swift */; };
		C7953FE3225E939600DB5F21 /* JSONDownloader.swift in Sources */ = {isa = PBXBuildFile; fileRef = C7953FE2225E939600DB5F21 /* JSONDownloader.swift */; };
		C7953FE6225E956900DB5F21 /* ItunesError.swift in Sources */ = {isa = PBXBuildFile; fileRef = C7953FE5225E956900DB5F21 /* ItunesError.swift */; };
		C7954008225FC1DC00DB5F21 /* ItunesAPIClient.swift in Sources */ = {isa = PBXBuildFile; fileRef = C7954007225FC1DC00DB5F21 /* ItunesAPIClient.swift */; };
/* End PBXBuildFile section */

/* Begin PBXFileReference section */
		BE079F3A1E8D66C700006005 /* iTunesClient.app */ = {isa = PBXFileReference; explicitFileType = wrapper.application; includeInIndex = 0; path = iTunesClient.app; sourceTree = BUILT_PRODUCTS_DIR; };
		BE079F3D1E8D66C700006005 /* AppDelegate.swift */ = {isa = PBXFileReference; lastKnownFileType = sourcecode.swift; path = AppDelegate.swift; sourceTree = "<group>"; };
		BE079F3F1E8D66C700006005 /* ViewController.swift */ = {isa = PBXFileReference; lastKnownFileType = sourcecode.swift; path = ViewController.swift; sourceTree = "<group>"; };
		BE079F421E8D66C700006005 /* Base */ = {isa = PBXFileReference; lastKnownFileType = file.storyboard; name = Base; path = Base.lproj/Main.storyboard; sourceTree = "<group>"; };
		BE079F441E8D66C700006005 /* Assets.xcassets */ = {isa = PBXFileReference; lastKnownFileType = folder.assetcatalog; path = Assets.xcassets; sourceTree = "<group>"; };
		BE079F471E8D66C700006005 /* Base */ = {isa = PBXFileReference; lastKnownFileType = file.storyboard; name = Base; path = Base.lproj/LaunchScreen.storyboard; sourceTree = "<group>"; };
		BE079F491E8D66C700006005 /* Info.plist */ = {isa = PBXFileReference; lastKnownFileType = text.plist.xml; path = Info.plist; sourceTree = "<group>"; };
		BE079F521E8D670100006005 /* Artist.swift */ = {isa = PBXFileReference; fileEncoding = 4; lastKnownFileType = sourcecode.swift; path = Artist.swift; sourceTree = "<group>"; };
		BE079F541E8D67B700006005 /* Genre.swift */ = {isa = PBXFileReference; fileEncoding = 4; lastKnownFileType = sourcecode.swift; path = Genre.swift; sourceTree = "<group>"; };
		BE079F561E8D682B00006005 /* Album.swift */ = {isa = PBXFileReference; fileEncoding = 4; lastKnownFileType = sourcecode.swift; path = Album.swift; sourceTree = "<group>"; };
		BE079F581E8DA2C100006005 /* Song.swift */ = {isa = PBXFileReference; fileEncoding = 4; lastKnownFileType = sourcecode.swift; path = Song.swift; sourceTree = "<group>"; };
		BE079F5A1E8DA4CF00006005 /* Stub.swift */ = {isa = PBXFileReference; fileEncoding = 4; lastKnownFileType = sourcecode.swift; path = Stub.swift; sourceTree = "<group>"; };
		C709C83D226128D900F5DDFC /* ArtworkDownloader.swift */ = {isa = PBXFileReference; lastKnownFileType = sourcecode.swift; path = ArtworkDownloader.swift; sourceTree = "<group>"; };
		C709C83F226131A100F5DDFC /* PendingOperations.swift */ = {isa = PBXFileReference; lastKnownFileType = sourcecode.swift; path = PendingOperations.swift; sourceTree = "<group>"; };
		C7953F962256A6B100DB5F21 /* SearchResultsController.swift */ = {isa = PBXFileReference; lastKnownFileType = sourcecode.swift; path = SearchResultsController.swift; sourceTree = "<group>"; };
		C7953F9B2257ECBD00DB5F21 /* SearchResultsDataSource.swift */ = {isa = PBXFileReference; lastKnownFileType = sourcecode.swift; path = SearchResultsDataSource.swift; sourceTree = "<group>"; };
		C7953F9D2257FD9F00DB5F21 /* AlbumListViewController.swift */ = {isa = PBXFileReference; lastKnownFileType = sourcecode.swift; path = AlbumListViewController.swift; sourceTree = "<group>"; };
		C7953FC5225BE79B00DB5F21 /* AlbumCell.swift */ = {isa = PBXFileReference; lastKnownFileType = sourcecode.swift; path = AlbumCell.swift; sourceTree = "<group>"; };
		C7953FC7225BE8E900DB5F21 /* AlbumListDataSource.swift */ = {isa = PBXFileReference; lastKnownFileType = sourcecode.swift; path = AlbumListDataSource.swift; sourceTree = "<group>"; };
		C7953FCA225BEA7F00DB5F21 /* AlbumCellViewModel.swift */ = {isa = PBXFileReference; lastKnownFileType = sourcecode.swift; path = AlbumCellViewModel.swift; sourceTree = "<group>"; };
		C7953FCC225D1CB000DB5F21 /* AlbumDetailController.swift */ = {isa = PBXFileReference; lastKnownFileType = sourcecode.swift; path = AlbumDetailController.swift; sourceTree = "<group>"; };
		C7953FCE225D1EAE00DB5F21 /* AlbumDetailViewModel.swift */ = {isa = PBXFileReference; lastKnownFileType = sourcecode.swift; path = AlbumDetailViewModel.swift; sourceTree = "<group>"; };
		C7953FD0225D264000DB5F21 /* SongCell.swift */ = {isa = PBXFileReference; lastKnownFileType = sourcecode.swift; path = SongCell.swift; sourceTree = "<group>"; };
		C7953FD2225D266400DB5F21 /* AlbumDetailDataSource.swift */ = {isa = PBXFileReference; lastKnownFileType = sourcecode.swift; path = AlbumDetailDataSource.swift; sourceTree = "<group>"; };
		C7953FD4225D282800DB5F21 /* SongViewModel.swift */ = {isa = PBXFileReference; lastKnownFileType = sourcecode.swift; path = SongViewModel.swift; sourceTree = "<group>"; };
		C7953FD7225D339300DB5F21 /* ItunesMedia.swift */ = {isa = PBXFileReference; lastKnownFileType = sourcecode.swift; path = ItunesMedia.swift; sourceTree = "<group>"; };
		C7953FD9225D33DB00DB5F21 /* Endpoint.swift */ = {isa = PBXFileReference; lastKnownFileType = sourcecode.swift; path = Endpoint.swift; sourceTree = "<group>"; };
		C7953FDB225D389200DB5F21 /* URLEncoding.playground */ = {isa = PBXFileReference; lastKnownFileType = file.playground; path = URLEncoding.playground; sourceTree = "<group>"; xcLanguageSpecificationIdentifier = xcode.lang.swift; };
		C7953FDC225E7EB800DB5F21 /* ITunesEntity.swift */ = {isa = PBXFileReference; lastKnownFileType = sourcecode.swift; path = ITunesEntity.swift; sourceTree = "<group>"; };
		C7953FDE225E866200DB5F21 /* QueryItemProvider.swift */ = {isa = PBXFileReference; lastKnownFileType = sourcecode.swift; path = QueryItemProvider.swift; sourceTree = "<group>"; };
		C7953FE0225E8D8C00DB5F21 /* ItunesAttribute.swift */ = {isa = PBXFileReference; lastKnownFileType = sourcecode.swift; path = ItunesAttribute.swift; sourceTree = "<group>"; };
		C7953FE2225E939600DB5F21 /* JSONDownloader.swift */ = {isa = PBXFileReference; lastKnownFileType = sourcecode.swift; path = JSONDownloader.swift; sourceTree = "<group>"; };
		C7953FE5225E956900DB5F21 /* ItunesError.swift */ = {isa = PBXFileReference; lastKnownFileType = sourcecode.swift; path = ItunesError.swift; sourceTree = "<group>"; };
		C7954007225FC1DC00DB5F21 /* ItunesAPIClient.swift */ = {isa = PBXFileReference; lastKnownFileType = sourcecode.swift; path = ItunesAPIClient.swift; sourceTree = "<group>"; };
/* End PBXFileReference section */

/* Begin PBXFrameworksBuildPhase section */
		BE079F371E8D66C700006005 /* Frameworks */ = {
			isa = PBXFrameworksBuildPhase;
			buildActionMask = 2147483647;
			files = (
			);
			runOnlyForDeploymentPostprocessing = 0;
		};
/* End PBXFrameworksBuildPhase section */

/* Begin PBXGroup section */
		BE079F311E8D66C700006005 = {
			isa = PBXGroup;
			children = (
				BE079F3C1E8D66C700006005 /* iTunesClient */,
				BE079F3B1E8D66C700006005 /* Products */,
			);
			sourceTree = "<group>";
		};
		BE079F3B1E8D66C700006005 /* Products */ = {
			isa = PBXGroup;
			children = (
				BE079F3A1E8D66C700006005 /* iTunesClient.app */,
			);
			name = Products;
			sourceTree = "<group>";
		};
		BE079F3C1E8D66C700006005 /* iTunesClient */ = {
			isa = PBXGroup;
			children = (
				C7953FE4225E93AB00DB5F21 /* Networking */,
				C7953FC9225BEA6600DB5F21 /* ViewModels */,
				C7953F9A2257EC7500DB5F21 /* Data Sources */,
				BE079F511E8D66F500006005 /* Controllers */,
				BE079F501E8D66EE00006005 /* Views */,
				BE079F4F1E8D66E800006005 /* Models */,
				BE079F3D1E8D66C700006005 /* AppDelegate.swift */,
				BE079F411E8D66C700006005 /* Main.storyboard */,
				BE079F441E8D66C700006005 /* Assets.xcassets */,
				BE079F461E8D66C700006005 /* LaunchScreen.storyboard */,
				BE079F491E8D66C700006005 /* Info.plist */,
			);
			path = iTunesClient;
			sourceTree = "<group>";
		};
		BE079F4F1E8D66E800006005 /* Models */ = {
			isa = PBXGroup;
			children = (
				C7953FD6225D311000DB5F21 /* Endpoint */,
				BE079F521E8D670100006005 /* Artist.swift */,
				BE079F541E8D67B700006005 /* Genre.swift */,
				BE079F561E8D682B00006005 /* Album.swift */,
				BE079F581E8DA2C100006005 /* Song.swift */,
				BE079F5A1E8DA4CF00006005 /* Stub.swift */,
			);
			name = Models;
			sourceTree = "<group>";
		};
		BE079F501E8D66EE00006005 /* Views */ = {
			isa = PBXGroup;
			children = (
				C7953FC5225BE79B00DB5F21 /* AlbumCell.swift */,
			);
			name = Views;
			sourceTree = "<group>";
		};
		BE079F511E8D66F500006005 /* Controllers */ = {
			isa = PBXGroup;
			children = (
				BE079F3F1E8D66C700006005 /* ViewController.swift */,
				C7953F962256A6B100DB5F21 /* SearchResultsController.swift */,
				C7953F9D2257FD9F00DB5F21 /* AlbumListViewController.swift */,
				C7953FCC225D1CB000DB5F21 /* AlbumDetailController.swift */,
				C7953FD0225D264000DB5F21 /* SongCell.swift */,
			);
			name = Controllers;
			sourceTree = "<group>";
		};
		C7953F9A2257EC7500DB5F21 /* Data Sources */ = {
			isa = PBXGroup;
			children = (
				C7953F9B2257ECBD00DB5F21 /* SearchResultsDataSource.swift */,
				C7953FC7225BE8E900DB5F21 /* AlbumListDataSource.swift */,
				C7953FD2225D266400DB5F21 /* AlbumDetailDataSource.swift */,
			);
			name = "Data Sources";
			sourceTree = "<group>";
		};
		C7953FC9225BEA6600DB5F21 /* ViewModels */ = {
			isa = PBXGroup;
			children = (
				C7953FCA225BEA7F00DB5F21 /* AlbumCellViewModel.swift */,
				C7953FCE225D1EAE00DB5F21 /* AlbumDetailViewModel.swift */,
				C7953FD4225D282800DB5F21 /* SongViewModel.swift */,
			);
			name = ViewModels;
			sourceTree = "<group>";
		};
		C7953FD6225D311000DB5F21 /* Endpoint */ = {
			isa = PBXGroup;
			children = (
				C7953FDB225D389200DB5F21 /* URLEncoding.playground */,
				C7953FD7225D339300DB5F21 /* ItunesMedia.swift */,
				C7953FD9225D33DB00DB5F21 /* Endpoint.swift */,
				C7953FE0225E8D8C00DB5F21 /* ItunesAttribute.swift */,
				C7953FDC225E7EB800DB5F21 /* ITunesEntity.swift */,
				C7953FDE225E866200DB5F21 /* QueryItemProvider.swift */,
			);
			name = Endpoint;
			sourceTree = "<group>";
		};
		C7953FE4225E93AB00DB5F21 /* Networking */ = {
			isa = PBXGroup;
			children = (
				C7953FE2225E939600DB5F21 /* JSONDownloader.swift */,
				C709C83F226131A100F5DDFC /* PendingOperations.swift */,
				C7954007225FC1DC00DB5F21 /* ItunesAPIClient.swift */,
				C7953FE5225E956900DB5F21 /* ItunesError.swift */,
				C709C83D226128D900F5DDFC /* ArtworkDownloader.swift */,
			);
			name = Networking;
			sourceTree = "<group>";
		};
/* End PBXGroup section */

/* Begin PBXNativeTarget section */
		BE079F391E8D66C700006005 /* iTunesClient */ = {
			isa = PBXNativeTarget;
			buildConfigurationList = BE079F4C1E8D66C700006005 /* Build configuration list for PBXNativeTarget "iTunesClient" */;
			buildPhases = (
				BE079F361E8D66C700006005 /* Sources */,
				BE079F371E8D66C700006005 /* Frameworks */,
				BE079F381E8D66C700006005 /* Resources */,
			);
			buildRules = (
			);
			dependencies = (
			);
			name = iTunesClient;
			productName = iTunesClient;
			productReference = BE079F3A1E8D66C700006005 /* iTunesClient.app */;
			productType = "com.apple.product-type.application";
		};
/* End PBXNativeTarget section */

/* Begin PBXProject section */
		BE079F321E8D66C700006005 /* Project object */ = {
			isa = PBXProject;
			attributes = {
				LastSwiftUpdateCheck = 0830;
				LastUpgradeCheck = 0830;
				ORGANIZATIONNAME = "Treehouse Island";
				TargetAttributes = {
					BE079F391E8D66C700006005 = {
						CreatedOnToolsVersion = 8.3;
						DevelopmentTeam = R9E84DX62H;
						ProvisioningStyle = Automatic;
					};
				};
			};
			buildConfigurationList = BE079F351E8D66C700006005 /* Build configuration list for PBXProject "iTunesClient" */;
			compatibilityVersion = "Xcode 3.2";
			developmentRegion = English;
			hasScannedForEncodings = 0;
			knownRegions = (
				en,
				Base,
			);
			mainGroup = BE079F311E8D66C700006005;
			productRefGroup = BE079F3B1E8D66C700006005 /* Products */;
			projectDirPath = "";
			projectRoot = "";
			targets = (
				BE079F391E8D66C700006005 /* iTunesClient */,
			);
		};
/* End PBXProject section */

/* Begin PBXResourcesBuildPhase section */
		BE079F381E8D66C700006005 /* Resources */ = {
			isa = PBXResourcesBuildPhase;
			buildActionMask = 2147483647;
			files = (
				BE079F481E8D66C700006005 /* LaunchScreen.storyboard in Resources */,
				BE079F451E8D66C700006005 /* Assets.xcassets in Resources */,
				BE079F431E8D66C700006005 /* Main.storyboard in Resources */,
			);
			runOnlyForDeploymentPostprocessing = 0;
		};
/* End PBXResourcesBuildPhase section */

/* Begin PBXSourcesBuildPhase section */
		BE079F361E8D66C700006005 /* Sources */ = {
			isa = PBXSourcesBuildPhase;
			buildActionMask = 2147483647;
			files = (
				C7953FE6225E956900DB5F21 /* ItunesError.swift in Sources */,
				C7953FD1225D264000DB5F21 /* SongCell.swift in Sources */,
				C709C83E226128D900F5DDFC /* ArtworkDownloader.swift in Sources */,
				C709C840226131A100F5DDFC /* PendingOperations.swift in Sources */,
				BE079F591E8DA2C100006005 /* Song.swift in Sources */,
				BE079F531E8D670100006005 /* Artist.swift in Sources */,
				C7953FE3225E939600DB5F21 /* JSONDownloader.swift in Sources */,
				BE079F401E8D66C700006005 /* ViewController.swift in Sources */,
				C7953FCB225BEA7F00DB5F21 /* AlbumCellViewModel.swift in Sources */,
				BE079F3E1E8D66C700006005 /* AppDelegate.swift in Sources */,
				C7953FC8225BE8E900DB5F21 /* AlbumListDataSource.swift in Sources */,
				C7953FDD225E7EB800DB5F21 /* ITunesEntity.swift in Sources */,
				C7953FDF225E866200DB5F21 /* QueryItemProvider.swift in Sources */,
				C7953FD8225D339300DB5F21 /* ItunesMedia.swift in Sources */,
				C7953FD5225D282800DB5F21 /* SongViewModel.swift in Sources */,
				C7953FCD225D1CB000DB5F21 /* AlbumDetailController.swift in Sources */,
				C7953FD3225D266400DB5F21 /* AlbumDetailDataSource.swift in Sources */,
				C7954008225FC1DC00DB5F21 /* ItunesAPIClient.swift in Sources */,
				C7953F9E2257FD9F00DB5F21 /* AlbumListViewController.swift in Sources */,
				C7953F972256A6B100DB5F21 /* SearchResultsController.swift in Sources */,
				BE079F551E8D67B700006005 /* Genre.swift in Sources */,
				C7953FE1225E8D8C00DB5F21 /* ItunesAttribute.swift in Sources */,
				C7953FDA225D33DB00DB5F21 /* Endpoint.swift in Sources */,
				BE079F571E8D682B00006005 /* Album.swift in Sources */,
				C7953F9C2257ECBD00DB5F21 /* SearchResultsDataSource.swift in Sources */,
				C7953FC6225BE79B00DB5F21 /* AlbumCell.swift in Sources */,
				BE079F5B1E8DA4CF00006005 /* Stub.swift in Sources */,
				C7953FCF225D1EAE00DB5F21 /* AlbumDetailViewModel.swift in Sources */,
			);
			runOnlyForDeploymentPostprocessing = 0;
		};
/* End PBXSourcesBuildPhase section */

/* Begin PBXVariantGroup section */
		BE079F411E8D66C700006005 /* Main.storyboard */ = {
			isa = PBXVariantGroup;
			children = (
				BE079F421E8D66C700006005 /* Base */,
			);
			name = Main.storyboard;
			sourceTree = "<group>";
		};
		BE079F461E8D66C700006005 /* LaunchScreen.storyboard */ = {
			isa = PBXVariantGroup;
			children = (
				BE079F471E8D66C700006005 /* Base */,
			);
			name = LaunchScreen.storyboard;
			sourceTree = "<group>";
		};
/* End PBXVariantGroup section */

/* Begin XCBuildConfiguration section */
		BE079F4A1E8D66C700006005 /* Debug */ = {
			isa = XCBuildConfiguration;
			buildSettings = {
				ALWAYS_SEARCH_USER_PATHS = NO;
				CLANG_ANALYZER_NONNULL = YES;
				CLANG_ANALYZER_NUMBER_OBJECT_CONVERSION = YES_AGGRESSIVE;
				CLANG_CXX_LANGUAGE_STANDARD = "gnu++0x";
				CLANG_CXX_LIBRARY = "libc++";
				CLANG_ENABLE_MODULES = YES;
				CLANG_ENABLE_OBJC_ARC = YES;
				CLANG_WARN_BOOL_CONVERSION = YES;
				CLANG_WARN_CONSTANT_CONVERSION = YES;
				CLANG_WARN_DIRECT_OBJC_ISA_USAGE = YES_ERROR;
				CLANG_WARN_DOCUMENTATION_COMMENTS = YES;
				CLANG_WARN_EMPTY_BODY = YES;
				CLANG_WARN_ENUM_CONVERSION = YES;
				CLANG_WARN_INFINITE_RECURSION = YES;
				CLANG_WARN_INT_CONVERSION = YES;
				CLANG_WARN_OBJC_ROOT_CLASS = YES_ERROR;
				CLANG_WARN_SUSPICIOUS_MOVE = YES;
				CLANG_WARN_UNREACHABLE_CODE = YES;
				CLANG_WARN__DUPLICATE_METHOD_MATCH = YES;
				"CODE_SIGN_IDENTITY[sdk=iphoneos*]" = "iPhone Developer";
				COPY_PHASE_STRIP = NO;
				DEBUG_INFORMATION_FORMAT = dwarf;
				ENABLE_STRICT_OBJC_MSGSEND = YES;
				ENABLE_TESTABILITY = YES;
				GCC_C_LANGUAGE_STANDARD = gnu99;
				GCC_DYNAMIC_NO_PIC = NO;
				GCC_NO_COMMON_BLOCKS = YES;
				GCC_OPTIMIZATION_LEVEL = 0;
				GCC_PREPROCESSOR_DEFINITIONS = (
					"DEBUG=1",
					"$(inherited)",
				);
				GCC_WARN_64_TO_32_BIT_CONVERSION = YES;
				GCC_WARN_ABOUT_RETURN_TYPE = YES_ERROR;
				GCC_WARN_UNDECLARED_SELECTOR = YES;
				GCC_WARN_UNINITIALIZED_AUTOS = YES_AGGRESSIVE;
				GCC_WARN_UNUSED_FUNCTION = YES;
				GCC_WARN_UNUSED_VARIABLE = YES;
				IPHONEOS_DEPLOYMENT_TARGET = 10.3;
				MTL_ENABLE_DEBUG_INFO = YES;
				ONLY_ACTIVE_ARCH = YES;
				SDKROOT = iphoneos;
				SWIFT_ACTIVE_COMPILATION_CONDITIONS = DEBUG;
				SWIFT_OPTIMIZATION_LEVEL = "-Onone";
			};
			name = Debug;
		};
		BE079F4B1E8D66C700006005 /* Release */ = {
			isa = XCBuildConfiguration;
			buildSettings = {
				ALWAYS_SEARCH_USER_PATHS = NO;
				CLANG_ANALYZER_NONNULL = YES;
				CLANG_ANALYZER_NUMBER_OBJECT_CONVERSION = YES_AGGRESSIVE;
				CLANG_CXX_LANGUAGE_STANDARD = "gnu++0x";
				CLANG_CXX_LIBRARY = "libc++";
				CLANG_ENABLE_MODULES = YES;
				CLANG_ENABLE_OBJC_ARC = YES;
				CLANG_WARN_BOOL_CONVERSION = YES;
				CLANG_WARN_CONSTANT_CONVERSION = YES;
				CLANG_WARN_DIRECT_OBJC_ISA_USAGE = YES_ERROR;
				CLANG_WARN_DOCUMENTATION_COMMENTS = YES;
				CLANG_WARN_EMPTY_BODY = YES;
				CLANG_WARN_ENUM_CONVERSION = YES;
				CLANG_WARN_INFINITE_RECURSION = YES;
				CLANG_WARN_INT_CONVERSION = YES;
				CLANG_WARN_OBJC_ROOT_CLASS = YES_ERROR;
				CLANG_WARN_SUSPICIOUS_MOVE = YES;
				CLANG_WARN_UNREACHABLE_CODE = YES;
				CLANG_WARN__DUPLICATE_METHOD_MATCH = YES;
				"CODE_SIGN_IDENTITY[sdk=iphoneos*]" = "iPhone Developer";
				COPY_PHASE_STRIP = NO;
				DEBUG_INFORMATION_FORMAT = "dwarf-with-dsym";
				ENABLE_NS_ASSERTIONS = NO;
				ENABLE_STRICT_OBJC_MSGSEND = YES;
				GCC_C_LANGUAGE_STANDARD = gnu99;
				GCC_NO_COMMON_BLOCKS = YES;
				GCC_WARN_64_TO_32_BIT_CONVERSION = YES;
				GCC_WARN_ABOUT_RETURN_TYPE = YES_ERROR;
				GCC_WARN_UNDECLARED_SELECTOR = YES;
				GCC_WARN_UNINITIALIZED_AUTOS = YES_AGGRESSIVE;
				GCC_WARN_UNUSED_FUNCTION = YES;
				GCC_WARN_UNUSED_VARIABLE = YES;
				IPHONEOS_DEPLOYMENT_TARGET = 10.3;
				MTL_ENABLE_DEBUG_INFO = NO;
				SDKROOT = iphoneos;
				SWIFT_OPTIMIZATION_LEVEL = "-Owholemodule";
				VALIDATE_PRODUCT = YES;
			};
			name = Release;
		};
		BE079F4D1E8D66C700006005 /* Debug */ = {
			isa = XCBuildConfiguration;
			buildSettings = {
				ASSETCATALOG_COMPILER_APPICON_NAME = AppIcon;
				DEVELOPMENT_TEAM = R9E84DX62H;
				INFOPLIST_FILE = iTunesClient/Info.plist;
				LD_RUNPATH_SEARCH_PATHS = "$(inherited) @executable_path/Frameworks";
				PRODUCT_BUNDLE_IDENTIFIER = com.teamtreehouse.iTunesClient;
				PRODUCT_NAME = "$(TARGET_NAME)";
				SWIFT_VERSION = 3.0;
			};
			name = Debug;
		};
		BE079F4E1E8D66C700006005 /* Release */ = {
			isa = XCBuildConfiguration;
			buildSettings = {
				ASSETCATALOG_COMPILER_APPICON_NAME = AppIcon;
				DEVELOPMENT_TEAM = R9E84DX62H;
				INFOPLIST_FILE = iTunesClient/Info.plist;
				LD_RUNPATH_SEARCH_PATHS = "$(inherited) @executable_path/Frameworks";
				PRODUCT_BUNDLE_IDENTIFIER = com.teamtreehouse.iTunesClient;
				PRODUCT_NAME = "$(TARGET_NAME)";
				SWIFT_VERSION = 3.0;
			};
			name = Release;
		};
/* End XCBuildConfiguration section */

/* Begin XCConfigurationList section */
		BE079F351E8D66C700006005 /* Build configuration list for PBXProject "iTunesClient" */ = {
			isa = XCConfigurationList;
			buildConfigurations = (
				BE079F4A1E8D66C700006005 /* Debug */,
				BE079F4B1E8D66C700006005 /* Release */,
			);
			defaultConfigurationIsVisible = 0;
			defaultConfigurationName = Release;
		};
		BE079F4C1E8D66C700006005 /* Build configuration list for PBXNativeTarget "iTunesClient" */ = {
			isa = XCConfigurationList;
			buildConfigurations = (
				BE079F4D1E8D66C700006005 /* Debug */,
				BE079F4E1E8D66C700006005 /* Release */,
			);
			defaultConfigurationIsVisible = 0;
			defaultConfigurationName = Release;
		};
/* End XCConfigurationList section */
	};
	rootObject = BE079F321E8D66C700006005 /* Project object */;
}
